
Microsoft Visual Studio Solution File, Format Version 12.00
# Visual Studio 15
VisualStudioVersion = 15.0.28307.106
MinimumVisualStudioVersion = 10.0.40219.1
Project("{2150E333-8FDC-42A3-9474-1A3956D46DE8}") = "Chapter5-BitManipulation", "Chapter5-BitManipulation", "{97F7EF07-EDF3-47F2-8F6D-60AABD8A6D83}"
EndProject
Project("{FAE04EC0-301F-11D3-BF4B-00C04F79EFBC}") = "BitManipulation", "BitManipulation\BitManipulation.csproj", "{B7C7F603-9C08-42F7-8C53-74EE90D14491}"
EndProject
Project("{2150E333-8FDC-42A3-9474-1A3956D46DE8}") = "Chapter8-RecursionAndDP", "Chapter8-RecursionAndDP", "{A8999753-720E-481B-961F-571D821D455E}"
EndProject
Project("{FAE04EC0-301F-11D3-BF4B-00C04F79EFBC}") = "RecursionAndDP", "RecursionAndDP\RecursionAndDP.csproj", "{8C32D568-BEBE-4F17-B0F7-063832FA2BBD}"
EndProject
Project("{2150E333-8FDC-42A3-9474-1A3956D46DE8}") = "Chapter10-SortingAndSearching", "Chapter10-SortingAndSearching", "{7D0ED16B-2AEF-477C-8A6A-76869DBD3A71}"
EndProject
Project("{FAE04EC0-301F-11D3-BF4B-00C04F79EFBC}") = "SortingAndSearching", "SortingAndSearching\SortingAndSearching.csproj", "{FA95AB21-A597-4DA3-94DC-B00E91215CBF}"
EndProject
Global
	GlobalSection(SolutionConfigurationPlatforms) = preSolution
		Debug|Any CPU = Debug|Any CPU
		Release|Any CPU = Release|Any CPU
	EndGlobalSection
	GlobalSection(ProjectConfigurationPlatforms) = postSolution
		{B7C7F603-9C08-42F7-8C53-74EE90D14491}.Debug|Any CPU.ActiveCfg = Debug|Any CPU
		{B7C7F603-9C08-42F7-8C53-74EE90D14491}.Debug|Any CPU.Build.0 = Debug|Any CPU
		{B7C7F603-9C08-42F7-8C53-74EE90D14491}.Release|Any CPU.ActiveCfg = Release|Any CPU
		{B7C7F603-9C08-42F7-8C53-74EE90D14491}.Release|Any CPU.Build.0 = Release|Any CPU
		{8C32D568-BEBE-4F17-B0F7-063832FA2BBD}.Debug|Any CPU.ActiveCfg = Debug|Any CPU
		{8C32D568-BEBE-4F17-B0F7-063832FA2BBD}.Debug|Any CPU.Build.0 = Debug|Any CPU
		{8C32D568-BEBE-4F17-B0F7-063832FA2BBD}.Release|Any CPU.ActiveCfg = Release|Any CPU
		{8C32D568-BEBE-4F17-B0F7-063832FA2BBD}.Release|Any CPU.Build.0 = Release|Any CPU
		{FA95AB21-A597-4DA3-94DC-B00E91215CBF}.Debug|Any CPU.ActiveCfg = Debug|Any CPU
		{FA95AB21-A597-4DA3-94DC-B00E91215CBF}.Debug|Any CPU.Build.0 = Debug|Any CPU
		{FA95AB21-A597-4DA3-94DC-B00E91215CBF}.Release|Any CPU.ActiveCfg = Release|Any CPU
		{FA95AB21-A597-4DA3-94DC-B00E91215CBF}.Release|Any CPU.Build.0 = Release|Any CPU
	EndGlobalSection
	GlobalSection(SolutionProperties) = preSolution
		HideSolutionNode = FALSE
	EndGlobalSection
	GlobalSection(NestedProjects) = preSolution
		{B7C7F603-9C08-42F7-8C53-74EE90D14491} = {97F7EF07-EDF3-47F2-8F6D-60AABD8A6D83}
		{8C32D568-BEBE-4F17-B0F7-063832FA2BBD} = {A8999753-720E-481B-961F-571D821D455E}
		{FA95AB21-A597-4DA3-94DC-B00E91215CBF} = {7D0ED16B-2AEF-477C-8A6A-76869DBD3A71}
	EndGlobalSection
	GlobalSection(ExtensibilityGlobals) = postSolution
		SolutionGuid = {65BF7EF9-30F8-40B1-AA07-76C7F66D9362}
	EndGlobalSection
EndGlobal
